
Microsoft Visual Studio Solution File, Format Version 12.00
# Visual Studio Version 17
VisualStudioVersion = 17.9.34728.123
MinimumVisualStudioVersion = 10.0.40219.1
Project("{FAE04EC0-301F-11D3-BF4B-00C04F79EFBC}") = "semana 8", "semana 8\semana 8.csproj", "{BC22498D-380D-4E6F-BBC4-4AC938C4C9A9}"
EndProject
Global
	GlobalSection(SolutionConfigurationPlatforms) = preSolution
		Debug|Any CPU = Debug|Any CPU
		Release|Any CPU = Release|Any CPU
	EndGlobalSection
	GlobalSection(ProjectConfigurationPlatforms) = postSolution
		{BC22498D-380D-4E6F-BBC4-4AC938C4C9A9}.Debug|Any CPU.ActiveCfg = Debug|Any CPU
		{BC22498D-380D-4E6F-BBC4-4AC938C4C9A9}.Debug|Any CPU.Build.0 = Debug|Any CPU
		{BC22498D-380D-4E6F-BBC4-4AC938C4C9A9}.Release|Any CPU.ActiveCfg = Release|Any CPU
		{BC22498D-380D-4E6F-BBC4-4AC938C4C9A9}.Release|Any CPU.Build.0 = Release|Any CPU
	EndGlobalSection
	GlobalSection(SolutionProperties) = preSolution
		HideSolutionNode = FALSE
	EndGlobalSection
	GlobalSection(ExtensibilityGlobals) = postSolution
		SolutionGuid = {0BDF0B22-F1ED-412D-99CE-5F8911EDAD96}
	EndGlobalSection
EndGlobal
